
Microsoft Visual Studio Solution File, Format Version 12.00
# Visual Studio 14
VisualStudioVersion = 14.0.23107.0
MinimumVisualStudioVersion = 10.0.40219.1
Project("{FAE04EC0-301F-11D3-BF4B-00C04F79EFBC}") = "ConnectorConsole", "ConnectorConsole\ConnectorConsole.csproj", "{DB329BCF-405F-48EC-AAF2-9364B766A16A}"
EndProject
Project("{FAE04EC0-301F-11D3-BF4B-00C04F79EFBC}") = "ExchangeConnector", "ExchangeConnector\ExchangeConnector.csproj", "{3A74659F-A481-47C9-8D5B-0B4FAE5B7DC4}"
EndProject
Project("{FAE04EC0-301F-11D3-BF4B-00C04F79EFBC}") = "LocationMapGenerator", "LocationMapGenerator\LocationMapGenerator.csproj", "{8F61E115-BEC2-44D4-BF8B-F013FED4DBF5}"
EndProject
Project("{FAE04EC0-301F-11D3-BF4B-00C04F79EFBC}") = "ExchangeConnector.Tests", "ExchangeConnector.Tests\ExchangeConnector.Tests.csproj", "{9D215473-4B55-448E-BB8C-B27C18BB318F}"
EndProject
Project("{FAE04EC0-301F-11D3-BF4B-00C04F79EFBC}") = "ConnectorWebServer", "ConnectorWebServer\ConnectorWebServer.csproj", "{4B6BB1E7-4537-4203-9F4F-B881F838EAD1}"
EndProject
Project("{FAE04EC0-301F-11D3-BF4B-00C04F79EFBC}") = "ConnectorWebService", "ConnectorWebService\ConnectorWebService.csproj", "{9481F65D-94BF-4A39-B5F3-E484C4842003}"
EndProject
Global
	GlobalSection(SolutionConfigurationPlatforms) = preSolution
		Debug|Any CPU = Debug|Any CPU
		Release|Any CPU = Release|Any CPU
	EndGlobalSection
	GlobalSection(ProjectConfigurationPlatforms) = postSolution
		{DB329BCF-405F-48EC-AAF2-9364B766A16A}.Debug|Any CPU.ActiveCfg = Debug|Any CPU
		{DB329BCF-405F-48EC-AAF2-9364B766A16A}.Debug|Any CPU.Build.0 = Debug|Any CPU
		{DB329BCF-405F-48EC-AAF2-9364B766A16A}.Release|Any CPU.ActiveCfg = Release|Any CPU
		{DB329BCF-405F-48EC-AAF2-9364B766A16A}.Release|Any CPU.Build.0 = Release|Any CPU
		{3A74659F-A481-47C9-8D5B-0B4FAE5B7DC4}.Debug|Any CPU.ActiveCfg = Debug|Any CPU
		{3A74659F-A481-47C9-8D5B-0B4FAE5B7DC4}.Debug|Any CPU.Build.0 = Debug|Any CPU
		{3A74659F-A481-47C9-8D5B-0B4FAE5B7DC4}.Release|Any CPU.ActiveCfg = Release|Any CPU
		{3A74659F-A481-47C9-8D5B-0B4FAE5B7DC4}.Release|Any CPU.Build.0 = Release|Any CPU
		{8F61E115-BEC2-44D4-BF8B-F013FED4DBF5}.Debug|Any CPU.ActiveCfg = Debug|Any CPU
		{8F61E115-BEC2-44D4-BF8B-F013FED4DBF5}.Debug|Any CPU.Build.0 = Debug|Any CPU
		{8F61E115-BEC2-44D4-BF8B-F013FED4DBF5}.Release|Any CPU.ActiveCfg = Release|Any CPU
		{8F61E115-BEC2-44D4-BF8B-F013FED4DBF5}.Release|Any CPU.Build.0 = Release|Any CPU
		{9D215473-4B55-448E-BB8C-B27C18BB318F}.Debug|Any CPU.ActiveCfg = Debug|Any CPU
		{9D215473-4B55-448E-BB8C-B27C18BB318F}.Debug|Any CPU.Build.0 = Debug|Any CPU
		{9D215473-4B55-448E-BB8C-B27C18BB318F}.Release|Any CPU.ActiveCfg = Release|Any CPU
		{9D215473-4B55-448E-BB8C-B27C18BB318F}.Release|Any CPU.Build.0 = Release|Any CPU
		{4B6BB1E7-4537-4203-9F4F-B881F838EAD1}.Debug|Any CPU.ActiveCfg = Debug|Any CPU
		{4B6BB1E7-4537-4203-9F4F-B881F838EAD1}.Debug|Any CPU.Build.0 = Debug|Any CPU
		{4B6BB1E7-4537-4203-9F4F-B881F838EAD1}.Release|Any CPU.ActiveCfg = Release|Any CPU
		{4B6BB1E7-4537-4203-9F4F-B881F838EAD1}.Release|Any CPU.Build.0 = Release|Any CPU
		{9481F65D-94BF-4A39-B5F3-E484C4842003}.Debug|Any CPU.ActiveCfg = Debug|Any CPU
		{9481F65D-94BF-4A39-B5F3-E484C4842003}.Debug|Any CPU.Build.0 = Debug|Any CPU
		{9481F65D-94BF-4A39-B5F3-E484C4842003}.Release|Any CPU.ActiveCfg = Release|Any CPU
		{9481F65D-94BF-4A39-B5F3-E484C4842003}.Release|Any CPU.Build.0 = Release|Any CPU
	EndGlobalSection
	GlobalSection(SolutionProperties) = preSolution
		HideSolutionNode = FALSE
	EndGlobalSection
EndGlobal
